// !$*UTF8*$!
{
	archiveVersion = 1;
	classes = {
	};
	objectVersion = 46;
	objects = {

/* Begin PBXBuildFile section */
		9B24FE221C19AED1000CE4EB /* AppDelegate.swift in Sources */ = {isa = PBXBuildFile; fileRef = 9B24FE211C19AED1000CE4EB /* AppDelegate.swift */; };
		9B24FE241C19AED1000CE4EB /* ViewController.swift in Sources */ = {isa = PBXBuildFile; fileRef = 9B24FE231C19AED1000CE4EB /* ViewController.swift */; };
		9B24FE271C19AED1000CE4EB /* Main.storyboard in Resources */ = {isa = PBXBuildFile; fileRef = 9B24FE251C19AED1000CE4EB /* Main.storyboard */; };
		9B24FE2A1C19AED1000CE4EB /* pthread.xcdatamodeld in Sources */ = {isa = PBXBuildFile; fileRef = 9B24FE281C19AED1000CE4EB /* pthread.xcdatamodeld */; };
		9B24FE2C1C19AED1000CE4EB /* Assets.xcassets in Resources */ = {isa = PBXBuildFile; fileRef = 9B24FE2B1C19AED1000CE4EB /* Assets.xcassets */; };
		9B24FE2F1C19AED1000CE4EB /* LaunchScreen.storyboard in Resources */ = {isa = PBXBuildFile; fileRef = 9B24FE2D1C19AED1000CE4EB /* LaunchScreen.storyboard */; };
/* End PBXBuildFile section */

/* Begin PBXFileReference section */
		9B24FE1E1C19AED1000CE4EB /* pthread.app */ = {isa = PBXFileReference; explicitFileType = wrapper.application; includeInIndex = 0; path = pthread.app; sourceTree = BUILT_PRODUCTS_DIR; };
		9B24FE211C19AED1000CE4EB /* AppDelegate.swift */ = {isa = PBXFileReference; lastKnownFileType = sourcecode.swift; path = AppDelegate.swift; sourceTree = "<group>"; };
		9B24FE231C19AED1000CE4EB /* ViewController.swift */ = {isa = PBXFileReference; lastKnownFileType = sourcecode.swift; path = ViewController.swift; sourceTree = "<group>"; };
		9B24FE261C19AED1000CE4EB /* Base */ = {isa = PBXFileReference; lastKnownFileType = file.storyboard; name = Base; path = Base.lproj/Main.storyboard; sourceTree = "<group>"; };
		9B24FE291C19AED1000CE4EB /* pthread.xcdatamodel */ = {isa = PBXFileReference; lastKnownFileType = wrapper.xcdatamodel; path = pthread.xcdatamodel; sourceTree = "<group>"; };
		9B24FE2B1C19AED1000CE4EB /* Assets.xcassets */ = {isa = PBXFileReference; lastKnownFileType = folder.assetcatalog; path = Assets.xcassets; sourceTree = "<group>"; };
		9B24FE2E1C19AED1000CE4EB /* Base */ = {isa = PBXFileReference; lastKnownFileType = file.storyboard; name = Base; path = Base.lproj/LaunchScreen.storyboard; sourceTree = "<group>"; };
		9B24FE301C19AED1000CE4EB /* Info.plist */ = {isa = PBXFileReference; lastKnownFileType = text.plist.xml; path = Info.plist; sourceTree = "<group>"; };
/* End PBXFileReference section */

/* Begin PBXFrameworksBuildPhase section */
		9B24FE1B1C19AED1000CE4EB /* Frameworks */ = {
			isa = PBXFrameworksBuildPhase;
			buildActionMask = 2147483647;
			files = (
			);
			runOnlyForDeploymentPostprocessing = 0;
		};
/* End PBXFrameworksBuildPhase section */

/* Begin PBXGroup section */
		9B24FE151C19AED1000CE4EB = {
			isa = PBXGroup;
			children = (
				9B24FE201C19AED1000CE4EB /* pthread */,
				9B24FE1F1C19AED1000CE4EB /* Products */,
			);
			sourceTree = "<group>";
		};
		9B24FE1F1C19AED1000CE4EB /* Products */ = {
			isa = PBXGroup;
			children = (
				9B24FE1E1C19AED1000CE4EB /* pthread.app */,
			);
			name = Products;
			sourceTree = "<group>";
		};
		9B24FE201C19AED1000CE4EB /* pthread */ = {
			isa = PBXGroup;
			children = (
				9B24FE211C19AED1000CE4EB /* AppDelegate.swift */,
				9B24FE231C19AED1000CE4EB /* ViewController.swift */,
				9B24FE251C19AED1000CE4EB /* Main.storyboard */,
				9B24FE2B1C19AED1000CE4EB /* Assets.xcassets */,
				9B24FE2D1C19AED1000CE4EB /* LaunchScreen.storyboard */,
				9B24FE301C19AED1000CE4EB /* Info.plist */,
				9B24FE281C19AED1000CE4EB /* pthread.xcdatamodeld */,
			);
			path = pthread;
			sourceTree = "<group>";
		};
/* End PBXGroup section */

/* Begin PBXNativeTarget section */
		9B24FE1D1C19AED1000CE4EB /* pthread */ = {
			isa = PBXNativeTarget;
			buildConfigurationList = 9B24FE331C19AED1000CE4EB /* Build configuration list for PBXNativeTarget "pthread" */;
			buildPhases = (
				9B24FE1A1C19AED1000CE4EB /* Sources */,
				9B24FE1B1C19AED1000CE4EB /* Frameworks */,
				9B24FE1C1C19AED1000CE4EB /* Resources */,
			);
			buildRules = (
			);
			dependencies = (
			);
			name = pthread;
			productName = pthread;
			productReference = 9B24FE1E1C19AED1000CE4EB /* pthread.app */;
			productType = "com.apple.product-type.application";
		};
/* End PBXNativeTarget section */

/* Begin PBXProject section */
		9B24FE161C19AED1000CE4EB /* Project object */ = {
			isa = PBXProject;
			attributes = {
				LastSwiftUpdateCheck = 0710;
				LastUpgradeCheck = 0710;
				ORGANIZATIONNAME = " yanglc";
				TargetAttributes = {
					9B24FE1D1C19AED1000CE4EB = {
						CreatedOnToolsVersion = 7.1.1;
					};
				};
			};
			buildConfigurationList = 9B24FE191C19AED1000CE4EB /* Build configuration list for PBXProject "pthread" */;
			compatibilityVersion = "Xcode 3.2";
			developmentRegion = English;
			hasScannedForEncodings = 0;
			knownRegions = (
				en,
				Base,
			);
			mainGroup = 9B24FE151C19AED1000CE4EB;
			productRefGroup = 9B24FE1F1C19AED1000CE4EB /* Products */;
			projectDirPath = "";
			projectRoot = "";
			targets = (
				9B24FE1D1C19AED1000CE4EB /* pthread */,
			);
		};
/* End PBXProject section */

/* Begin PBXResourcesBuildPhase section */
		9B24FE1C1C19AED1000CE4EB /* Resources */ = {
			isa = PBXResourcesBuildPhase;
			buildActionMask = 2147483647;
			files = (
				9B24FE2F1C19AED1000CE4EB /* LaunchScreen.storyboard in Resources */,
				9B24FE2C1C19AED1000CE4EB /* Assets.xcassets in Resources */,
				9B24FE271C19AED1000CE4EB /* Main.storyboard in Resources */,
			);
			runOnlyForDeploymentPostprocessing = 0;
		};
/* End PBXResourcesBuildPhase section */

/* Begin PBXSourcesBuildPhase section */
		9B24FE1A1C19AED1000CE4EB /* Sources */ = {
			isa = PBXSourcesBuildPhase;
			buildActionMask = 2147483647;
			files = (
				9B24FE241C19AED1000CE4EB /* ViewController.swift in Sources */,
				9B24FE2A1C19AED1000CE4EB /* pthread.xcdatamodeld in Sources */,
				9B24FE221C19AED1000CE4EB /* AppDelegate.swift in Sources */,
			);
			runOnlyForDeploymentPostprocessing = 0;
		};
/* End PBXSourcesBuildPhase section */

/* Begin PBXVariantGroup section */
		9B24FE251C19AED1000CE4EB /* Main.storyboard */ = {
			isa = PBXVariantGroup;
			children = (
				9B24FE261C19AED1000CE4EB /* Base */,
			);
			name = Main.storyboard;
			sourceTree = "<group>";
		};
		9B24FE2D1C19AED1000CE4EB /* LaunchScreen.storyboard */ = {
			isa = PBXVariantGroup;
			children = (
				9B24FE2E1C19AED1000CE4EB /* Base */,
			);
			name = LaunchScreen.storyboard;
			sourceTree = "<group>";
		};
/* End PBXVariantGroup section */

/* Begin XCBuildConfiguration section */
		9B24FE311C19AED1000CE4EB /* Debug */ = {
			isa = XCBuildConfiguration;
			buildSettings = {
				ALWAYS_SEARCH_USER_PATHS = NO;
				CLANG_CXX_LANGUAGE_STANDARD = "gnu++0x";
				CLANG_CXX_LIBRARY = "libc++";
				CLANG_ENABLE_MODULES = YES;
				CLANG_ENABLE_OBJC_ARC = YES;
				CLANG_WARN_BOOL_CONVERSION = YES;
				CLANG_WARN_CONSTANT_CONVERSION = YES;
				CLANG_WARN_DIRECT_OBJC_ISA_USAGE = YES_ERROR;
				CLANG_WARN_EMPTY_BODY = YES;
				CLANG_WARN_ENUM_CONVERSION = YES;
				CLANG_WARN_INT_CONVERSION = YES;
				CLANG_WARN_OBJC_ROOT_CLASS = YES_ERROR;
				CLANG_WARN_UNREACHABLE_CODE = YES;
				CLANG_WARN__DUPLICATE_METHOD_MATCH = YES;
				"CODE_SIGN_IDENTITY[sdk=iphoneos*]" = "iPhone Developer";
				COPY_PHASE_STRIP = NO;
				DEBUG_INFORMATION_FORMAT = dwarf;
				ENABLE_STRICT_OBJC_MSGSEND = YES;
				ENABLE_TESTABILITY = YES;
				GCC_C_LANGUAGE_STANDARD = gnu99;
				GCC_DYNAMIC_NO_PIC = NO;
				GCC_NO_COMMON_BLOCKS = YES;
				GCC_OPTIMIZATION_LEVEL = 0;
				GCC_PREPROCESSOR_DEFINITIONS = (
					"DEBUG=1",
					"$(inherited)",
				);
				GCC_WARN_64_TO_32_BIT_CONVERSION = YES;
				GCC_WARN_ABOUT_RETURN_TYPE = YES_ERROR;
				GCC_WARN_UNDECLARED_SELECTOR = YES;
				GCC_WARN_UNINITIALIZED_AUTOS = YES_AGGRESSIVE;
				GCC_WARN_UNUSED_FUNCTION = YES;
				GCC_WARN_UNUSED_VARIABLE = YES;
				IPHONEOS_DEPLOYMENT_TARGET = 9.1;
				MTL_ENABLE_DEBUG_INFO = YES;
				ONLY_ACTIVE_ARCH = YES;
				SDKROOT = iphoneos;
				SWIFT_OPTIMIZATION_LEVEL = "-Onone";
			};
			name = Debug;
		};
		9B24FE321C19AED1000CE4EB /* Release */ = {
			isa = XCBuildConfiguration;
			buildSettings = {
				ALWAYS_SEARCH_USER_PATHS = NO;
				CLANG_CXX_LANGUAGE_STANDARD = "gnu++0x";
				CLANG_CXX_LIBRARY = "libc++";
				CLANG_ENABLE_MODULES = YES;
				CLANG_ENABLE_OBJC_ARC = YES;
				CLANG_WARN_BOOL_CONVERSION = YES;
				CLANG_WARN_CONSTANT_CONVERSION = YES;
				CLANG_WARN_DIRECT_OBJC_ISA_USAGE = YES_ERROR;
				CLANG_WARN_EMPTY_BODY = YES;
				CLANG_WARN_ENUM_CONVERSION = YES;
				CLANG_WARN_INT_CONVERSION = YES;
				CLANG_WARN_OBJC_ROOT_CLASS = YES_ERROR;
				CLANG_WARN_UNREACHABLE_CODE = YES;
				CLANG_WARN__DUPLICATE_METHOD_MATCH = YES;
				"CODE_SIGN_IDENTITY[sdk=iphoneos*]" = "iPhone Developer";
				COPY_PHASE_STRIP = NO;
				DEBUG_INFORMATION_FORMAT = "dwarf-with-dsym";
				ENABLE_NS_ASSERTIONS = NO;
				ENABLE_STRICT_OBJC_MSGSEND = YES;
				GCC_C_LANGUAGE_STANDARD = gnu99;
				GCC_NO_COMMON_BLOCKS = YES;
				GCC_WARN_64_TO_32_BIT_CONVERSION = YES;
				GCC_WARN_ABOUT_RETURN_TYPE = YES_ERROR;
				GCC_WARN_UNDECLARED_SELECTOR = YES;
				GCC_WARN_UNINITIALIZED_AUTOS = YES_AGGRESSIVE;
				GCC_WARN_UNUSED_FUNCTION = YES;
				GCC_WARN_UNUSED_VARIABLE = YES;
				IPHONEOS_DEPLOYMENT_TARGET = 9.1;
				MTL_ENABLE_DEBUG_INFO = NO;
				SDKROOT = iphoneos;
				VALIDATE_PRODUCT = YES;
			};
			name = Release;
		};
		9B24FE341C19AED1000CE4EB /* Debug */ = {
			isa = XCBuildConfiguration;
			buildSettings = {
				ASSETCATALOG_COMPILER_APPICON_NAME = AppIcon;
				INFOPLIST_FILE = pthread/Info.plist;
				LD_RUNPATH_SEARCH_PATHS = "$(inherited) @executable_path/Frameworks";
				PRODUCT_BUNDLE_IDENTIFIER = xxx.com.pthread;
				PRODUCT_NAME = "$(TARGET_NAME)";
			};
			name = Debug;
		};
		9B24FE351C19AED1000CE4EB /* Release */ = {
			isa = XCBuildConfiguration;
			buildSettings = {
				ASSETCATALOG_COMPILER_APPICON_NAME = AppIcon;
				INFOPLIST_FILE = pthread/Info.plist;
				LD_RUNPATH_SEARCH_PATHS = "$(inherited) @executable_path/Frameworks";
				PRODUCT_BUNDLE_IDENTIFIER = xxx.com.pthread;
				PRODUCT_NAME = "$(TARGET_NAME)";
			};
			name = Release;
		};
/* End XCBuildConfiguration section */

/* Begin XCConfigurationList section */
		9B24FE191C19AED1000CE4EB /* Build configuration list for PBXProject "pthread" */ = {
			isa = XCConfigurationList;
			buildConfigurations = (
				9B24FE311C19AED1000CE4EB /* Debug */,
				9B24FE321C19AED1000CE4EB /* Release */,
			);
			defaultConfigurationIsVisible = 0;
			defaultConfigurationName = Release;
		};
		9B24FE331C19AED1000CE4EB /* Build configuration list for PBXNativeTarget "pthread" */ = {
			isa = XCConfigurationList;
			buildConfigurations = (
				9B24FE341C19AED1000CE4EB /* Debug */,
				9B24FE351C19AED1000CE4EB /* Release */,
			);
			defaultConfigurationIsVisible = 0;
		};
/* End XCConfigurationList section */

/* Begin XCVersionGroup section */
		9B24FE281C19AED1000CE4EB /* pthread.xcdatamodeld */ = {
			isa = XCVersionGroup;
			children = (
				9B24FE291C19AED1000CE4EB /* pthread.xcdatamodel */,
			);
			currentVersion = 9B24FE291C19AED1000CE4EB /* pthread.xcdatamodel */;
			path = pthread.xcdatamodeld;
			sourceTree = "<group>";
			versionGroupType = wrapper.xcdatamodel;
		};
/* End XCVersionGroup section */
	};
	rootObject = 9B24FE161C19AED1000CE4EB /* Project object */;
}
